# This file is automatically @generated by Cargo.
# It is not intended for manual editing.
version = 4

[[package]]
name = "embedded-storage"
version = "0.3.1"
source = "registry+https://github.com/rust-lang/crates.io-index"
checksum = "a21dea9854beb860f3062d10228ce9b976da520a73474aed3171ec276bc0c032"

[[package]]
name = "esp-hal-ota"
version = "0.3.0"
dependencies = [
 "embedded-storage",
 "esp32",
 "esp32c2",
 "esp32c3",
 "esp32c6",
 "esp32h2",
 "esp32s2",
 "esp32s3",
 "log",
]

[[package]]
name = "esp32"
version = "0.34.0"
source = "registry+https://github.com/rust-lang/crates.io-index"
checksum = "af7d3208ef4ffd96c3105b3fb6fd19e8512bc128b24cb866dc26a734b09f454c"
dependencies = [
 "vcell",
]

[[package]]
name = "esp32c2"
version = "0.23.0"
source = "registry+https://github.com/rust-lang/crates.io-index"
checksum = "e74f8ceff5249a39f6ffeaea7a9c048b36fd1ba67d365330e0970927c57759ab"
dependencies = [
 "vcell",
]

[[package]]
name = "esp32c3"
version = "0.26.0"
source = "registry+https://github.com/rust-lang/crates.io-index"
checksum = "5d1750382dc49fa333ee6b1ba96f8c540038b9666f5a233dc1221c98e3236118"
dependencies = [
 "vcell",
]

[[package]]
name = "esp32c6"
version = "0.17.0"
source = "registry+https://github.com/rust-lang/crates.io-index"
checksum = "8b98fcf7ae90ee4d55f06170dfeaaebbf2a1619bb38b4e14b9009b4d636b87e7"
dependencies = [
 "vcell",
]

[[package]]
name = "esp32h2"
version = "0.13.0"
source = "registry+https://github.com/rust-lang/crates.io-index"
checksum = "b1530274ade78283655a6810dd5d1840404945f4a5bf3d74729c35946beb8304"
dependencies = [
 "vcell",
]

[[package]]
name = "esp32s2"
version = "0.25.0"
source = "registry+https://github.com/rust-lang/crates.io-index"
checksum = "2f77ec7a694eb60741f53236e625456abf672ba5b0b73c4a2d708a343c6f3495"
dependencies = [
 "vcell",
]

[[package]]
name = "esp32s3"
version = "0.29.0"
source = "registry+https://github.com/rust-lang/crates.io-index"
checksum = "fe69dca8db0ed37d222555f12dfaf99232592e84f54e56dd81e450a4769718bf"
dependencies = [
 "vcell",
]

[[package]]
name = "log"
version = "0.4.22"
source = "registry+https://github.com/rust-lang/crates.io-index"
checksum = "a7a70ba024b9dc04c27ea2f0c0548feb474ec5c54bba33a7f72f873a39d07b24"

[[package]]
name = "vcell"
version = "0.1.3"
source = "registry+https://github.com/rust-lang/crates.io-index"
checksum = "77439c1b53d2303b20d9459b1ade71a83c716e3f9c34f3228c00e6f185d6c002"
